
Microsoft Visual Studio Solution File, Format Version 12.00
# Visual Studio Version 17
VisualStudioVersion = 17.7.34031.279
MinimumVisualStudioVersion = 10.0.40219.1
Project("{9A19103F-16F7-4668-BE54-9A1E7A4F7556}") = "Lab1", "Lab1\Lab1.csproj", "{EFF07969-E2EF-4D08-B64E-3E0F57F109A8}"
EndProject
Global
	GlobalSection(SolutionConfigurationPlatforms) = preSolution
		Debug|Any CPU = Debug|Any CPU
		Release|Any CPU = Release|Any CPU
	EndGlobalSection
	GlobalSection(ProjectConfigurationPlatforms) = postSolution
		{EFF07969-E2EF-4D08-B64E-3E0F57F109A8}.Debug|Any CPU.ActiveCfg = Debug|Any CPU
		{EFF07969-E2EF-4D08-B64E-3E0F57F109A8}.Debug|Any CPU.Build.0 = Debug|Any CPU
		{EFF07969-E2EF-4D08-B64E-3E0F57F109A8}.Release|Any CPU.ActiveCfg = Release|Any CPU
		{EFF07969-E2EF-4D08-B64E-3E0F57F109A8}.Release|Any CPU.Build.0 = Release|Any CPU
	EndGlobalSection
	GlobalSection(SolutionProperties) = preSolution
		HideSolutionNode = FALSE
	EndGlobalSection
	GlobalSection(ExtensibilityGlobals) = postSolution
		SolutionGuid = {0A75C348-BF2A-4C12-95E1-1DFEAE72B3C8}
	EndGlobalSection
EndGlobal
